Microsoft Visual Studio Solution File, Format Version 12.00
# Visual Studio Version 17
VisualStudioVersion = 17.5.2.0
MinimumVisualStudioVersion = 10.0.40219.1
Project("{FAE04EC0-301F-11D3-BF4B-00C04F79EFBC}") = "DIASPAdv", "DIASPAdv.csproj", "{17305F68-F87A-C227-9847-32EBB1B031A1}"
EndProject
Global
	GlobalSection(SolutionConfigurationPlatforms) = preSolution
		Debug|Any CPU = Debug|Any CPU
		Release|Any CPU = Release|Any CPU
	EndGlobalSection
	GlobalSection(ProjectConfigurationPlatforms) = postSolution
		{17305F68-F87A-C227-9847-32EBB1B031A1}.Debug|Any CPU.ActiveCfg = Debug|Any CPU
		{17305F68-F87A-C227-9847-32EBB1B031A1}.Debug|Any CPU.Build.0 = Debug|Any CPU
		{17305F68-F87A-C227-9847-32EBB1B031A1}.Release|Any CPU.ActiveCfg = Release|Any CPU
		{17305F68-F87A-C227-9847-32EBB1B031A1}.Release|Any CPU.Build.0 = Release|Any CPU
	EndGlobalSection
	GlobalSection(SolutionProperties) = preSolution
		HideSolutionNode = FALSE
	EndGlobalSection
	GlobalSection(ExtensibilityGlobals) = postSolution
		SolutionGuid = {DDD4D14F-6309-47CB-892B-1C20B0EF4783}
	EndGlobalSection
EndGlobal
