Microsoft Visual Studio Solution File, Format Version 12.00
# Visual Studio Version 17
VisualStudioVersion = 17.5.2.0
MinimumVisualStudioVersion = 10.0.40219.1
Project("{FAE04EC0-301F-11D3-BF4B-00C04F79EFBC}") = "stockSeed", "stockSeed.csproj", "{F063F30B-E92F-7617-4235-8ABAE4BF9EA1}"
EndProject
Global
	GlobalSection(SolutionConfigurationPlatforms) = preSolution
		Debug|Any CPU = Debug|Any CPU
		Release|Any CPU = Release|Any CPU
	EndGlobalSection
	GlobalSection(ProjectConfigurationPlatforms) = postSolution
		{F063F30B-E92F-7617-4235-8ABAE4BF9EA1}.Debug|Any CPU.ActiveCfg = Debug|Any CPU
		{F063F30B-E92F-7617-4235-8ABAE4BF9EA1}.Debug|Any CPU.Build.0 = Debug|Any CPU
		{F063F30B-E92F-7617-4235-8ABAE4BF9EA1}.Release|Any CPU.ActiveCfg = Release|Any CPU
		{F063F30B-E92F-7617-4235-8ABAE4BF9EA1}.Release|Any CPU.Build.0 = Release|Any CPU
	EndGlobalSection
	GlobalSection(SolutionProperties) = preSolution
		HideSolutionNode = FALSE
	EndGlobalSection
	GlobalSection(ExtensibilityGlobals) = postSolution
		SolutionGuid = {16EBE960-FD20-49A7-AF60-837A9AB47D52}
	EndGlobalSection
EndGlobal
